
Microsoft Visual Studio Solution File, Format Version 12.00
# Visual Studio Version 16
VisualStudioVersion = 16.0.30907.101
MinimumVisualStudioVersion = 10.0.40219.1
Project("{FAE04EC0-301F-11D3-BF4B-00C04F79EFBC}") = "App_5", "App_5\App_5.csproj", "{994E06BB-E064-4574-B0FB-7F8B0D39F551}"
EndProject
Global
	GlobalSection(SolutionConfigurationPlatforms) = preSolution
		Debug|Any CPU = Debug|Any CPU
		Release|Any CPU = Release|Any CPU
	EndGlobalSection
	GlobalSection(ProjectConfigurationPlatforms) = postSolution
		{994E06BB-E064-4574-B0FB-7F8B0D39F551}.Debug|Any CPU.ActiveCfg = Debug|Any CPU
		{994E06BB-E064-4574-B0FB-7F8B0D39F551}.Debug|Any CPU.Build.0 = Debug|Any CPU
		{994E06BB-E064-4574-B0FB-7F8B0D39F551}.Release|Any CPU.ActiveCfg = Release|Any CPU
		{994E06BB-E064-4574-B0FB-7F8B0D39F551}.Release|Any CPU.Build.0 = Release|Any CPU
	EndGlobalSection
	GlobalSection(SolutionProperties) = preSolution
		HideSolutionNode = FALSE
	EndGlobalSection
	GlobalSection(ExtensibilityGlobals) = postSolution
		SolutionGuid = {7408A037-E6EE-405C-AECF-282230E01ED8}
	EndGlobalSection
EndGlobal
